// !$*UTF8*$!
{
	archiveVersion = 1;
	classes = {
	};
	objectVersion = 46;
	objects = {

/* Begin PBXBuildFile section */
		6E6FB7F61CB20D3B004B854D /* AppDelegate.swift in Sources */ = {isa = PBXBuildFile; fileRef = 6E6FB7F51CB20D3B004B854D /* AppDelegate.swift */; };
		6E6FB7F81CB20D3B004B854D /* ViewController.swift in Sources */ = {isa = PBXBuildFile; fileRef = 6E6FB7F71CB20D3B004B854D /* ViewController.swift */; };
		6E6FB7FB1CB20D3B004B854D /* Main.storyboard in Resources */ = {isa = PBXBuildFile; fileRef = 6E6FB7F91CB20D3B004B854D /* Main.storyboard */; };
		6E6FB7FD1CB20D3B004B854D /* Assets.xcassets in Resources */ = {isa = PBXBuildFile; fileRef = 6E6FB7FC1CB20D3B004B854D /* Assets.xcassets */; };
		6E6FB8001CB20D3B004B854D /* LaunchScreen.storyboard in Resources */ = {isa = PBXBuildFile; fileRef = 6E6FB7FE1CB20D3B004B854D /* LaunchScreen.storyboard */; };
		6E6FB80D1CB20DEF004B854D /* RCBridge.js in Resources */ = {isa = PBXBuildFile; fileRef = 6E6FB8091CB20DEF004B854D /* RCBridge.js */; };
		6E6FB80E1CB20DEF004B854D /* RCBridge.m in Sources */ = {isa = PBXBuildFile; fileRef = 6E6FB80A1CB20DEF004B854D /* RCBridge.m */; };
		6E6FB80F1CB20DEF004B854D /* RCHandler.m in Sources */ = {isa = PBXBuildFile; fileRef = 6E6FB80C1CB20DEF004B854D /* RCHandler.m */; };
/* End PBXBuildFile section */

/* Begin PBXFileReference section */
		6E6FB7F21CB20D3B004B854D /* RCBridgeExample-Swift.app */ = {isa = PBXFileReference; explicitFileType = wrapper.application; includeInIndex = 0; path = "RCBridgeExample-Swift.app"; sourceTree = BUILT_PRODUCTS_DIR; };
		6E6FB7F51CB20D3B004B854D /* AppDelegate.swift */ = {isa = PBXFileReference; lastKnownFileType = sourcecode.swift; path = AppDelegate.swift; sourceTree = "<group>"; };
		6E6FB7F71CB20D3B004B854D /* ViewController.swift */ = {isa = PBXFileReference; lastKnownFileType = sourcecode.swift; path = ViewController.swift; sourceTree = "<group>"; };
		6E6FB7FA1CB20D3B004B854D /* Base */ = {isa = PBXFileReference; lastKnownFileType = file.storyboard; name = Base; path = Base.lproj/Main.storyboard; sourceTree = "<group>"; };
		6E6FB7FC1CB20D3B004B854D /* Assets.xcassets */ = {isa = PBXFileReference; lastKnownFileType = folder.assetcatalog; path = Assets.xcassets; sourceTree = "<group>"; };
		6E6FB7FF1CB20D3B004B854D /* Base */ = {isa = PBXFileReference; lastKnownFileType = file.storyboard; name = Base; path = Base.lproj/LaunchScreen.storyboard; sourceTree = "<group>"; };
		6E6FB8011CB20D3B004B854D /* Info.plist */ = {isa = PBXFileReference; lastKnownFileType = text.plist.xml; path = Info.plist; sourceTree = "<group>"; };
		6E6FB8081CB20DEF004B854D /* RCBridge.h */ = {isa = PBXFileReference; fileEncoding = 4; lastKnownFileType = sourcecode.c.h; path = RCBridge.h; sourceTree = "<group>"; };
		6E6FB8091CB20DEF004B854D /* RCBridge.js */ = {isa = PBXFileReference; fileEncoding = 4; lastKnownFileType = sourcecode.javascript; path = RCBridge.js; sourceTree = "<group>"; };
		6E6FB80A1CB20DEF004B854D /* RCBridge.m */ = {isa = PBXFileReference; fileEncoding = 4; lastKnownFileType = sourcecode.c.objc; path = RCBridge.m; sourceTree = "<group>"; };
		6E6FB80B1CB20DEF004B854D /* RCHandler.h */ = {isa = PBXFileReference; fileEncoding = 4; lastKnownFileType = sourcecode.c.h; path = RCHandler.h; sourceTree = "<group>"; };
		6E6FB80C1CB20DEF004B854D /* RCHandler.m */ = {isa = PBXFileReference; fileEncoding = 4; lastKnownFileType = sourcecode.c.objc; path = RCHandler.m; sourceTree = "<group>"; };
		6E6FB8131CB20F71004B854D /* RCBridgeExample-Swift-Bridging-Header.h */ = {isa = PBXFileReference; lastKnownFileType = sourcecode.c.h; path = "RCBridgeExample-Swift-Bridging-Header.h"; sourceTree = "<group>"; };
/* End PBXFileReference section */

/* Begin PBXFrameworksBuildPhase section */
		6E6FB7EF1CB20D3B004B854D /* Frameworks */ = {
			isa = PBXFrameworksBuildPhase;
			buildActionMask = 2147483647;
			files = (
			);
			runOnlyForDeploymentPostprocessing = 0;
		};
/* End PBXFrameworksBuildPhase section */

/* Begin PBXGroup section */
		6E6FB7E91CB20D3B004B854D = {
			isa = PBXGroup;
			children = (
				6E6FB8071CB20DEF004B854D /* RCBridge */,
				6E6FB7F41CB20D3B004B854D /* RCBridgeExample-Swift */,
				6E6FB7F31CB20D3B004B854D /* Products */,
			);
			sourceTree = "<group>";
		};
		6E6FB7F31CB20D3B004B854D /* Products */ = {
			isa = PBXGroup;
			children = (
				6E6FB7F21CB20D3B004B854D /* RCBridgeExample-Swift.app */,
			);
			name = Products;
			sourceTree = "<group>";
		};
		6E6FB7F41CB20D3B004B854D /* RCBridgeExample-Swift */ = {
			isa = PBXGroup;
			children = (
				6E6FB7F51CB20D3B004B854D /* AppDelegate.swift */,
				6E6FB7F71CB20D3B004B854D /* ViewController.swift */,
				6E6FB7F91CB20D3B004B854D /* Main.storyboard */,
				6E6FB7FC1CB20D3B004B854D /* Assets.xcassets */,
				6E6FB7FE1CB20D3B004B854D /* LaunchScreen.storyboard */,
				6E6FB8011CB20D3B004B854D /* Info.plist */,
				6E6FB8131CB20F71004B854D /* RCBridgeExample-Swift-Bridging-Header.h */,
			);
			path = "RCBridgeExample-Swift";
			sourceTree = "<group>";
		};
		6E6FB8071CB20DEF004B854D /* RCBridge */ = {
			isa = PBXGroup;
			children = (
				6E6FB8081CB20DEF004B854D /* RCBridge.h */,
				6E6FB80A1CB20DEF004B854D /* RCBridge.m */,
				6E6FB80B1CB20DEF004B854D /* RCHandler.h */,
				6E6FB80C1CB20DEF004B854D /* RCHandler.m */,
				6E6FB8091CB20DEF004B854D /* RCBridge.js */,
			);
			name = RCBridge;
			path = ../../../RCBridge;
			sourceTree = "<group>";
		};
/* End PBXGroup section */

/* Begin PBXNativeTarget section */
		6E6FB7F11CB20D3B004B854D /* RCBridgeExample-Swift */ = {
			isa = PBXNativeTarget;
			buildConfigurationList = 6E6FB8041CB20D3B004B854D /* Build configuration list for PBXNativeTarget "RCBridgeExample-Swift" */;
			buildPhases = (
				6E6FB7EE1CB20D3B004B854D /* Sources */,
				6E6FB7EF1CB20D3B004B854D /* Frameworks */,
				6E6FB7F01CB20D3B004B854D /* Resources */,
			);
			buildRules = (
			);
			dependencies = (
			);
			name = "RCBridgeExample-Swift";
			productName = "RCBridgeExample-Swift";
			productReference = 6E6FB7F21CB20D3B004B854D /* RCBridgeExample-Swift.app */;
			productType = "com.apple.product-type.application";
		};
/* End PBXNativeTarget section */

/* Begin PBXProject section */
		6E6FB7EA1CB20D3B004B854D /* Project object */ = {
			isa = PBXProject;
			attributes = {
				LastSwiftUpdateCheck = 0730;
				LastUpgradeCheck = 0730;
				ORGANIZATIONNAME = RidgeCorn;
				TargetAttributes = {
					6E6FB7F11CB20D3B004B854D = {
						CreatedOnToolsVersion = 7.3;
					};
				};
			};
			buildConfigurationList = 6E6FB7ED1CB20D3B004B854D /* Build configuration list for PBXProject "RCBridgeExample-Swift" */;
			compatibilityVersion = "Xcode 3.2";
			developmentRegion = English;
			hasScannedForEncodings = 0;
			knownRegions = (
				en,
				Base,
			);
			mainGroup = 6E6FB7E91CB20D3B004B854D;
			productRefGroup = 6E6FB7F31CB20D3B004B854D /* Products */;
			projectDirPath = "";
			projectRoot = "";
			targets = (
				6E6FB7F11CB20D3B004B854D /* RCBridgeExample-Swift */,
			);
		};
/* End PBXProject section */

/* Begin PBXResourcesBuildPhase section */
		6E6FB7F01CB20D3B004B854D /* Resources */ = {
			isa = PBXResourcesBuildPhase;
			buildActionMask = 2147483647;
			files = (
				6E6FB80D1CB20DEF004B854D /* RCBridge.js in Resources */,
				6E6FB8001CB20D3B004B854D /* LaunchScreen.storyboard in Resources */,
				6E6FB7FD1CB20D3B004B854D /* Assets.xcassets in Resources */,
				6E6FB7FB1CB20D3B004B854D /* Main.storyboard in Resources */,
			);
			runOnlyForDeploymentPostprocessing = 0;
		};
/* End PBXResourcesBuildPhase section */

/* Begin PBXSourcesBuildPhase section */
		6E6FB7EE1CB20D3B004B854D /* Sources */ = {
			isa = PBXSourcesBuildPhase;
			buildActionMask = 2147483647;
			files = (
				6E6FB80E1CB20DEF004B854D /* RCBridge.m in Sources */,
				6E6FB80F1CB20DEF004B854D /* RCHandler.m in Sources */,
				6E6FB7F81CB20D3B004B854D /* ViewController.swift in Sources */,
				6E6FB7F61CB20D3B004B854D /* AppDelegate.swift in Sources */,
			);
			runOnlyForDeploymentPostprocessing = 0;
		};
/* End PBXSourcesBuildPhase section */

/* Begin PBXVariantGroup section */
		6E6FB7F91CB20D3B004B854D /* Main.storyboard */ = {
			isa = PBXVariantGroup;
			children = (
				6E6FB7FA1CB20D3B004B854D /* Base */,
			);
			name = Main.storyboard;
			sourceTree = "<group>";
		};
		6E6FB7FE1CB20D3B004B854D /* LaunchScreen.storyboard */ = {
			isa = PBXVariantGroup;
			children = (
				6E6FB7FF1CB20D3B004B854D /* Base */,
			);
			name = LaunchScreen.storyboard;
			sourceTree = "<group>";
		};
/* End PBXVariantGroup section */

/* Begin XCBuildConfiguration section */
		6E6FB8021CB20D3B004B854D /* Debug */ = {
			isa = XCBuildConfiguration;
			buildSettings = {
				ALWAYS_SEARCH_USER_PATHS = NO;
				CLANG_ANALYZER_NONNULL = YES;
				CLANG_CXX_LANGUAGE_STANDARD = "gnu++0x";
				CLANG_CXX_LIBRARY = "libc++";
				CLANG_ENABLE_MODULES = YES;
				CLANG_ENABLE_OBJC_ARC = YES;
				CLANG_WARN_BOOL_CONVERSION = YES;
				CLANG_WARN_CONSTANT_CONVERSION = YES;
				CLANG_WARN_DIRECT_OBJC_ISA_USAGE = YES_ERROR;
				CLANG_WARN_EMPTY_BODY = YES;
				CLANG_WARN_ENUM_CONVERSION = YES;
				CLANG_WARN_INT_CONVERSION = YES;
				CLANG_WARN_OBJC_ROOT_CLASS = YES_ERROR;
				CLANG_WARN_UNREACHABLE_CODE = YES;
				CLANG_WARN__DUPLICATE_METHOD_MATCH = YES;
				"CODE_SIGN_IDENTITY[sdk=iphoneos*]" = "iPhone Developer";
				COPY_PHASE_STRIP = NO;
				DEBUG_INFORMATION_FORMAT = dwarf;
				ENABLE_STRICT_OBJC_MSGSEND = YES;
				ENABLE_TESTABILITY = YES;
				GCC_C_LANGUAGE_STANDARD = gnu99;
				GCC_DYNAMIC_NO_PIC = NO;
				GCC_NO_COMMON_BLOCKS = YES;
				GCC_OPTIMIZATION_LEVEL = 0;
				GCC_PREPROCESSOR_DEFINITIONS = (
					"DEBUG=1",
					"$(inherited)",
				);
				GCC_WARN_64_TO_32_BIT_CONVERSION = YES;
				GCC_WARN_ABOUT_RETURN_TYPE = YES_ERROR;
				GCC_WARN_UNDECLARED_SELECTOR = YES;
				GCC_WARN_UNINITIALIZED_AUTOS = YES_AGGRESSIVE;
				GCC_WARN_UNUSED_FUNCTION = YES;
				GCC_WARN_UNUSED_VARIABLE = YES;
				IPHONEOS_DEPLOYMENT_TARGET = 9.3;
				MTL_ENABLE_DEBUG_INFO = YES;
				ONLY_ACTIVE_ARCH = YES;
				SDKROOT = iphoneos;
				SWIFT_OPTIMIZATION_LEVEL = "-Onone";
				TARGETED_DEVICE_FAMILY = "1,2";
			};
			name = Debug;
		};
		6E6FB8031CB20D3B004B854D /* Release */ = {
			isa = XCBuildConfiguration;
			buildSettings = {
				ALWAYS_SEARCH_USER_PATHS = NO;
				CLANG_ANALYZER_NONNULL = YES;
				CLANG_CXX_LANGUAGE_STANDARD = "gnu++0x";
				CLANG_CXX_LIBRARY = "libc++";
				CLANG_ENABLE_MODULES = YES;
				CLANG_ENABLE_OBJC_ARC = YES;
				CLANG_WARN_BOOL_CONVERSION = YES;
				CLANG_WARN_CONSTANT_CONVERSION = YES;
				CLANG_WARN_DIRECT_OBJC_ISA_USAGE = YES_ERROR;
				CLANG_WARN_EMPTY_BODY = YES;
				CLANG_WARN_ENUM_CONVERSION = YES;
				CLANG_WARN_INT_CONVERSION = YES;
				CLANG_WARN_OBJC_ROOT_CLASS = YES_ERROR;
				CLANG_WARN_UNREACHABLE_CODE = YES;
				CLANG_WARN__DUPLICATE_METHOD_MATCH = YES;
				"CODE_SIGN_IDENTITY[sdk=iphoneos*]" = "iPhone Developer";
				COPY_PHASE_STRIP = NO;
				DEBUG_INFORMATION_FORMAT = "dwarf-with-dsym";
				ENABLE_NS_ASSERTIONS = NO;
				ENABLE_STRICT_OBJC_MSGSEND = YES;
				GCC_C_LANGUAGE_STANDARD = gnu99;
				GCC_NO_COMMON_BLOCKS = YES;
				GCC_WARN_64_TO_32_BIT_CONVERSION = YES;
				GCC_WARN_ABOUT_RETURN_TYPE = YES_ERROR;
				GCC_WARN_UNDECLARED_SELECTOR = YES;
				GCC_WARN_UNINITIALIZED_AUTOS = YES_AGGRESSIVE;
				GCC_WARN_UNUSED_FUNCTION = YES;
				GCC_WARN_UNUSED_VARIABLE = YES;
				IPHONEOS_DEPLOYMENT_TARGET = 9.3;
				MTL_ENABLE_DEBUG_INFO = NO;
				SDKROOT = iphoneos;
				TARGETED_DEVICE_FAMILY = "1,2";
				VALIDATE_PRODUCT = YES;
			};
			name = Release;
		};
		6E6FB8051CB20D3B004B854D /* Debug */ = {
			isa = XCBuildConfiguration;
			buildSettings = {
				ASSETCATALOG_COMPILER_APPICON_NAME = AppIcon;
				INFOPLIST_FILE = "RCBridgeExample-Swift/Info.plist";
				LD_RUNPATH_SEARCH_PATHS = "$(inherited) @executable_path/Frameworks";
				PRODUCT_BUNDLE_IDENTIFIER = "com.ridgecorn.RCBridgeExample-Swift";
				PRODUCT_NAME = "$(TARGET_NAME)";
				SWIFT_OBJC_BRIDGING_HEADER = "$(SRCROOT)/RCBridgeExample-Swift/RCBridgeExample-Swift-Bridging-Header.h";
			};
			name = Debug;
		};
		6E6FB8061CB20D3B004B854D /* Release */ = {
			isa = XCBuildConfiguration;
			buildSettings = {
				ASSETCATALOG_COMPILER_APPICON_NAME = AppIcon;
				INFOPLIST_FILE = "RCBridgeExample-Swift/Info.plist";
				LD_RUNPATH_SEARCH_PATHS = "$(inherited) @executable_path/Frameworks";
				PRODUCT_BUNDLE_IDENTIFIER = "com.ridgecorn.RCBridgeExample-Swift";
				PRODUCT_NAME = "$(TARGET_NAME)";
				SWIFT_OBJC_BRIDGING_HEADER = "$(SRCROOT)/RCBridgeExample-Swift/RCBridgeExample-Swift-Bridging-Header.h";
			};
			name = Release;
		};
/* End XCBuildConfiguration section */

/* Begin XCConfigurationList section */
		6E6FB7ED1CB20D3B004B854D /* Build configuration list for PBXProject "RCBridgeExample-Swift" */ = {
			isa = XCConfigurationList;
			buildConfigurations = (
				6E6FB8021CB20D3B004B854D /* Debug */,
				6E6FB8031CB20D3B004B854D /* Release */,
			);
			defaultConfigurationIsVisible = 0;
			defaultConfigurationName = Release;
		};
		6E6FB8041CB20D3B004B854D /* Build configuration list for PBXNativeTarget "RCBridgeExample-Swift" */ = {
			isa = XCConfigurationList;
			buildConfigurations = (
				6E6FB8051CB20D3B004B854D /* Debug */,
				6E6FB8061CB20D3B004B854D /* Release */,
			);
			defaultConfigurationIsVisible = 0;
		};
/* End XCConfigurationList section */
	};
	rootObject = 6E6FB7EA1CB20D3B004B854D /* Project object */;
}
